
Microsoft Visual Studio Solution File, Format Version 12.00
# Visual Studio Version 16
VisualStudioVersion = 16.0.29403.142
MinimumVisualStudioVersion = 10.0.40219.1
Project("{FAE04EC0-301F-11D3-BF4B-00C04F79EFBC}") = "Final Project", "Final Project\Final Project.csproj", "{5086F766-D140-4CFF-A449-6B90F7771064}"
EndProject
Global
	GlobalSection(SolutionConfigurationPlatforms) = preSolution
		Debug|Any CPU = Debug|Any CPU
		Release|Any CPU = Release|Any CPU
	EndGlobalSection
	GlobalSection(ProjectConfigurationPlatforms) = postSolution
		{5086F766-D140-4CFF-A449-6B90F7771064}.Debug|Any CPU.ActiveCfg = Debug|Any CPU
		{5086F766-D140-4CFF-A449-6B90F7771064}.Debug|Any CPU.Build.0 = Debug|Any CPU
		{5086F766-D140-4CFF-A449-6B90F7771064}.Release|Any CPU.ActiveCfg = Release|Any CPU
		{5086F766-D140-4CFF-A449-6B90F7771064}.Release|Any CPU.Build.0 = Release|Any CPU
	EndGlobalSection
	GlobalSection(SolutionProperties) = preSolution
		HideSolutionNode = FALSE
	EndGlobalSection
	GlobalSection(ExtensibilityGlobals) = postSolution
		SolutionGuid = {29307CCA-25C0-47EA-B67D-5A59ABC0AE69}
	EndGlobalSection
EndGlobal
